<?xml version="1.0" encoding="utf-8"?>
<Project ToolsVersion="12.0" xmlns="http://schemas.microsoft.com/developer/msbuild/2003">
  <ItemGroup>
    <ClCompile Include="C:\SFTdevelopment/library/ext/src/libgit2/src/annotated_commit.c" />
    <ClCompile Include="C:\SFTdevelopment/library/ext/src/libgit2/src/apply.c" />
    <ClCompile Include="C:\SFTdevelopment/library/ext/src/libgit2/src/attr.c" />
    <ClCompile Include="C:\SFTdevelopment/library/ext/src/libgit2/src/attr_file.c" />
    <ClCompile Include="C:\SFTdevelopment/library/ext/src/libgit2/src/attrcache.c" />
    <ClCompile Include="C:\SFTdevelopment/library/ext/src/libgit2/src/blame.c" />
    <ClCompile Include="C:\SFTdevelopment/library/ext/src/libgit2/src/blame_git.c" />
    <ClCompile Include="C:\SFTdevelopment/library/ext/src/libgit2/src/blob.c" />
    <ClCompile Include="C:\SFTdevelopment/library/ext/src/libgit2/src/branch.c" />
    <ClCompile Include="C:\SFTdevelopment/library/ext/src/libgit2/src/buf_text.c" />
    <ClCompile Include="C:\SFTdevelopment/library/ext/src/libgit2/src/buffer.c" />
    <ClCompile Include="C:\SFTdevelopment/library/ext/src/libgit2/src/cache.c" />
    <ClCompile Include="C:\SFTdevelopment/library/ext/src/libgit2/src/checkout.c" />
    <ClCompile Include="C:\SFTdevelopment/library/ext/src/libgit2/src/cherrypick.c" />
    <ClCompile Include="C:\SFTdevelopment/library/ext/src/libgit2/src/clone.c" />
    <ClCompile Include="C:\SFTdevelopment/library/ext/src/libgit2/src/commit.c" />
    <ClCompile Include="C:\SFTdevelopment/library/ext/src/libgit2/src/commit_list.c" />
    <ClCompile Include="C:\SFTdevelopment/library/ext/src/libgit2/src/config.c" />
    <ClCompile Include="C:\SFTdevelopment/library/ext/src/libgit2/src/config_cache.c" />
    <ClCompile Include="C:\SFTdevelopment/library/ext/src/libgit2/src/config_file.c" />
    <ClCompile Include="C:\SFTdevelopment/library/ext/src/libgit2/src/crlf.c" />
    <ClCompile Include="C:\SFTdevelopment/library/ext/src/libgit2/src/curl_stream.c" />
    <ClCompile Include="C:\SFTdevelopment/library/ext/src/libgit2/src/date.c" />
    <ClCompile Include="C:\SFTdevelopment/library/ext/src/libgit2/src/delta.c" />
    <ClCompile Include="C:\SFTdevelopment/library/ext/src/libgit2/src/describe.c" />
    <ClCompile Include="C:\SFTdevelopment/library/ext/src/libgit2/src/diff.c" />
    <ClCompile Include="C:\SFTdevelopment/library/ext/src/libgit2/src/diff_driver.c" />
    <ClCompile Include="C:\SFTdevelopment/library/ext/src/libgit2/src/diff_file.c" />
    <ClCompile Include="C:\SFTdevelopment/library/ext/src/libgit2/src/diff_generate.c" />
    <ClCompile Include="C:\SFTdevelopment/library/ext/src/libgit2/src/diff_parse.c" />
    <ClCompile Include="C:\SFTdevelopment/library/ext/src/libgit2/src/diff_print.c" />
    <ClCompile Include="C:\SFTdevelopment/library/ext/src/libgit2/src/diff_stats.c" />
    <ClCompile Include="C:\SFTdevelopment/library/ext/src/libgit2/src/diff_tform.c" />
    <ClCompile Include="C:\SFTdevelopment/library/ext/src/libgit2/src/diff_xdiff.c" />
    <ClCompile Include="C:\SFTdevelopment/library/ext/src/libgit2/src/errors.c" />
    <ClCompile Include="C:\SFTdevelopment/library/ext/src/libgit2/src/fetch.c" />
    <ClCompile Include="C:\SFTdevelopment/library/ext/src/libgit2/src/fetchhead.c" />
    <ClCompile Include="C:\SFTdevelopment/library/ext/src/libgit2/src/filebuf.c" />
    <ClCompile Include="C:\SFTdevelopment/library/ext/src/libgit2/src/fileops.c" />
    <ClCompile Include="C:\SFTdevelopment/library/ext/src/libgit2/src/filter.c" />
    <ClCompile Include="C:\SFTdevelopment/library/ext/src/libgit2/src/fnmatch.c" />
    <ClCompile Include="C:\SFTdevelopment/library/ext/src/libgit2/src/global.c" />
    <ClCompile Include="C:\SFTdevelopment/library/ext/src/libgit2/src/graph.c" />
    <ClCompile Include="C:\SFTdevelopment/library/ext/src/libgit2/src/hash.c" />
    <ClCompile Include="C:\SFTdevelopment/library/ext/src/libgit2/src/hashsig.c" />
    <ClCompile Include="C:\SFTdevelopment/library/ext/src/libgit2/src/ident.c" />
    <ClCompile Include="C:\SFTdevelopment/library/ext/src/libgit2/src/ignore.c" />
    <ClCompile Include="C:\SFTdevelopment/library/ext/src/libgit2/src/index.c" />
    <ClCompile Include="C:\SFTdevelopment/library/ext/src/libgit2/src/indexer.c" />
    <ClCompile Include="C:\SFTdevelopment/library/ext/src/libgit2/src/iterator.c" />
    <ClCompile Include="C:\SFTdevelopment/library/ext/src/libgit2/src/merge.c" />
    <ClCompile Include="C:\SFTdevelopment/library/ext/src/libgit2/src/merge_driver.c" />
    <ClCompile Include="C:\SFTdevelopment/library/ext/src/libgit2/src/merge_file.c" />
    <ClCompile Include="C:\SFTdevelopment/library/ext/src/libgit2/src/message.c" />
    <ClCompile Include="C:\SFTdevelopment/library/ext/src/libgit2/src/mwindow.c" />
    <ClCompile Include="C:\SFTdevelopment/library/ext/src/libgit2/src/netops.c" />
    <ClCompile Include="C:\SFTdevelopment/library/ext/src/libgit2/src/notes.c" />
    <ClCompile Include="C:\SFTdevelopment/library/ext/src/libgit2/src/object.c" />
    <ClCompile Include="C:\SFTdevelopment/library/ext/src/libgit2/src/object_api.c" />
    <ClCompile Include="C:\SFTdevelopment/library/ext/src/libgit2/src/odb.c" />
    <ClCompile Include="C:\SFTdevelopment/library/ext/src/libgit2/src/odb_loose.c" />
    <ClCompile Include="C:\SFTdevelopment/library/ext/src/libgit2/src/odb_mempack.c" />
    <ClCompile Include="C:\SFTdevelopment/library/ext/src/libgit2/src/odb_pack.c" />
    <ClCompile Include="C:\SFTdevelopment/library/ext/src/libgit2/src/oid.c" />
    <ClCompile Include="C:\SFTdevelopment/library/ext/src/libgit2/src/oidarray.c" />
    <ClCompile Include="C:\SFTdevelopment/library/ext/src/libgit2/src/openssl_stream.c" />
    <ClCompile Include="C:\SFTdevelopment/library/ext/src/libgit2/src/pack-objects.c" />
    <ClCompile Include="C:\SFTdevelopment/library/ext/src/libgit2/src/pack.c" />
    <ClCompile Include="C:\SFTdevelopment/library/ext/src/libgit2/src/patch.c" />
    <ClCompile Include="C:\SFTdevelopment/library/ext/src/libgit2/src/patch_generate.c" />
    <ClCompile Include="C:\SFTdevelopment/library/ext/src/libgit2/src/patch_parse.c" />
    <ClCompile Include="C:\SFTdevelopment/library/ext/src/libgit2/src/path.c" />
    <ClCompile Include="C:\SFTdevelopment/library/ext/src/libgit2/src/pathspec.c" />
    <ClCompile Include="C:\SFTdevelopment/library/ext/src/libgit2/src/pool.c" />
    <ClCompile Include="C:\SFTdevelopment/library/ext/src/libgit2/src/posix.c" />
    <ClCompile Include="C:\SFTdevelopment/library/ext/src/libgit2/src/pqueue.c" />
    <ClCompile Include="C:\SFTdevelopment/library/ext/src/libgit2/src/proxy.c" />
    <ClCompile Include="C:\SFTdevelopment/library/ext/src/libgit2/src/push.c" />
    <ClCompile Include="C:\SFTdevelopment/library/ext/src/libgit2/src/rebase.c" />
    <ClCompile Include="C:\SFTdevelopment/library/ext/src/libgit2/src/refdb.c" />
    <ClCompile Include="C:\SFTdevelopment/library/ext/src/libgit2/src/refdb_fs.c" />
    <ClCompile Include="C:\SFTdevelopment/library/ext/src/libgit2/src/reflog.c" />
    <ClCompile Include="C:\SFTdevelopment/library/ext/src/libgit2/src/refs.c" />
    <ClCompile Include="C:\SFTdevelopment/library/ext/src/libgit2/src/refspec.c" />
    <ClCompile Include="C:\SFTdevelopment/library/ext/src/libgit2/src/remote.c" />
    <ClCompile Include="C:\SFTdevelopment/library/ext/src/libgit2/src/repository.c" />
    <ClCompile Include="C:\SFTdevelopment/library/ext/src/libgit2/src/reset.c" />
    <ClCompile Include="C:\SFTdevelopment/library/ext/src/libgit2/src/revert.c" />
    <ClCompile Include="C:\SFTdevelopment/library/ext/src/libgit2/src/revparse.c" />
    <ClCompile Include="C:\SFTdevelopment/library/ext/src/libgit2/src/revwalk.c" />
    <ClCompile Include="C:\SFTdevelopment/library/ext/src/libgit2/src/settings.c" />
    <ClCompile Include="C:\SFTdevelopment/library/ext/src/libgit2/src/sha1_lookup.c" />
    <ClCompile Include="C:\SFTdevelopment/library/ext/src/libgit2/src/signature.c" />
    <ClCompile Include="C:\SFTdevelopment/library/ext/src/libgit2/src/socket_stream.c" />
    <ClCompile Include="C:\SFTdevelopment/library/ext/src/libgit2/src/sortedcache.c" />
    <ClCompile Include="C:\SFTdevelopment/library/ext/src/libgit2/src/stash.c" />
    <ClCompile Include="C:\SFTdevelopment/library/ext/src/libgit2/src/status.c" />
    <ClCompile Include="C:\SFTdevelopment/library/ext/src/libgit2/src/stransport_stream.c" />
    <ClCompile Include="C:\SFTdevelopment/library/ext/src/libgit2/src/strmap.c" />
    <ClCompile Include="C:\SFTdevelopment/library/ext/src/libgit2/src/submodule.c" />
    <ClCompile Include="C:\SFTdevelopment/library/ext/src/libgit2/src/sysdir.c" />
    <ClCompile Include="C:\SFTdevelopment/library/ext/src/libgit2/src/tag.c" />
    <ClCompile Include="C:\SFTdevelopment/library/ext/src/libgit2/src/thread-utils.c" />
    <ClCompile Include="C:\SFTdevelopment/library/ext/src/libgit2/src/tls_stream.c" />
    <ClCompile Include="C:\SFTdevelopment/library/ext/src/libgit2/src/trace.c" />
    <ClCompile Include="C:\SFTdevelopment/library/ext/src/libgit2/src/transaction.c" />
    <ClCompile Include="C:\SFTdevelopment/library/ext/src/libgit2/src/transport.c" />
    <ClCompile Include="C:\SFTdevelopment/library/ext/src/libgit2/src/tree-cache.c" />
    <ClCompile Include="C:\SFTdevelopment/library/ext/src/libgit2/src/tree.c" />
    <ClCompile Include="C:\SFTdevelopment/library/ext/src/libgit2/src/tsort.c" />
    <ClCompile Include="C:\SFTdevelopment/library/ext/src/libgit2/src/util.c" />
    <ClCompile Include="C:\SFTdevelopment/library/ext/src/libgit2/src/varint.c" />
    <ClCompile Include="C:\SFTdevelopment/library/ext/src/libgit2/src/vector.c" />
    <ClCompile Include="C:\SFTdevelopment/library/ext/src/libgit2/src/zstream.c" />
    <ClCompile Include="C:\SFTdevelopment/library/ext/src/libgit2/src/transports\auth.c" />
    <ClCompile Include="C:\SFTdevelopment/library/ext/src/libgit2/src/transports\auth_negotiate.c" />
    <ClCompile Include="C:\SFTdevelopment/library/ext/src/libgit2/src/transports\cred.c" />
    <ClCompile Include="C:\SFTdevelopment/library/ext/src/libgit2/src/transports\cred_helpers.c" />
    <ClCompile Include="C:\SFTdevelopment/library/ext/src/libgit2/src/transports\git.c" />
    <ClCompile Include="C:\SFTdevelopment/library/ext/src/libgit2/src/transports\http.c" />
    <ClCompile Include="C:\SFTdevelopment/library/ext/src/libgit2/src/transports\local.c" />
    <ClCompile Include="C:\SFTdevelopment/library/ext/src/libgit2/src/transports\smart.c" />
    <ClCompile Include="C:\SFTdevelopment/library/ext/src/libgit2/src/transports\smart_pkt.c" />
    <ClCompile Include="C:\SFTdevelopment/library/ext/src/libgit2/src/transports\smart_protocol.c" />
    <ClCompile Include="C:\SFTdevelopment/library/ext/src/libgit2/src/transports\ssh.c" />
    <ClCompile Include="C:\SFTdevelopment/library/ext/src/libgit2/src/transports\winhttp.c" />
    <ClCompile Include="C:\SFTdevelopment/library/ext/src/libgit2/src/xdiff\xdiffi.c" />
    <ClCompile Include="C:\SFTdevelopment/library/ext/src/libgit2/src/xdiff\xemit.c" />
    <ClCompile Include="C:\SFTdevelopment/library/ext/src/libgit2/src/xdiff\xhistogram.c" />
    <ClCompile Include="C:\SFTdevelopment/library/ext/src/libgit2/src/xdiff\xmerge.c" />
    <ClCompile Include="C:\SFTdevelopment/library/ext/src/libgit2/src/xdiff\xpatience.c" />
    <ClCompile Include="C:\SFTdevelopment/library/ext/src/libgit2/src/xdiff\xprepare.c" />
    <ClCompile Include="C:\SFTdevelopment/library/ext/src/libgit2/src/xdiff\xutils.c" />
    <ClCompile Include="C:\SFTdevelopment/library/ext/src/libgit2/src/win32\dir.c" />
    <ClCompile Include="C:\SFTdevelopment/library/ext/src/libgit2/src/win32\error.c" />
    <ClCompile Include="C:\SFTdevelopment/library/ext/src/libgit2/src/win32\findfile.c" />
    <ClCompile Include="C:\SFTdevelopment/library/ext/src/libgit2/src/win32\map.c" />
    <ClCompile Include="C:\SFTdevelopment/library/ext/src/libgit2/src/win32\path_w32.c" />
    <ClCompile Include="C:\SFTdevelopment/library/ext/src/libgit2/src/win32\posix_w32.c" />
    <ClCompile Include="C:\SFTdevelopment/library/ext/src/libgit2/src/win32\precompiled.c" />
    <ClCompile Include="C:\SFTdevelopment/library/ext/src/libgit2/src/win32\thread.c" />
    <ClCompile Include="C:\SFTdevelopment/library/ext/src/libgit2/src/win32\utf-conv.c" />
    <ClCompile Include="C:\SFTdevelopment/library/ext/src/libgit2/src/win32\w32_buffer.c" />
    <ClCompile Include="C:\SFTdevelopment/library/ext/src/libgit2/src/win32\w32_crtdbg_stacktrace.c" />
    <ClCompile Include="C:\SFTdevelopment/library/ext/src/libgit2/src/win32\w32_stack.c" />
    <ClCompile Include="C:\SFTdevelopment/library/ext/src/libgit2/src/win32\w32_util.c" />
    <ClCompile Include="C:\SFTdevelopment/library/ext/src/libgit2\deps\zlib\adler32.c" />
    <ClCompile Include="C:\SFTdevelopment/library/ext/src/libgit2\deps\zlib\crc32.c" />
    <ClCompile Include="C:\SFTdevelopment/library/ext/src/libgit2\deps\zlib\deflate.c" />
    <ClCompile Include="C:\SFTdevelopment/library/ext/src/libgit2\deps\zlib\infback.c" />
    <ClCompile Include="C:\SFTdevelopment/library/ext/src/libgit2\deps\zlib\inffast.c" />
    <ClCompile Include="C:\SFTdevelopment/library/ext/src/libgit2\deps\zlib\inflate.c" />
    <ClCompile Include="C:\SFTdevelopment/library/ext/src/libgit2\deps\zlib\inftrees.c" />
    <ClCompile Include="C:\SFTdevelopment/library/ext/src/libgit2\deps\zlib\trees.c" />
    <ClCompile Include="C:\SFTdevelopment/library/ext/src/libgit2\deps\zlib\zutil.c" />
    <ClCompile Include="C:\SFTdevelopment/library/ext/src/libgit2\deps\http-parser\http_parser.c" />
    <ClCompile Include="C:\SFTdevelopment/library/ext/src/libgit2\deps\regex\regex.c" />
    <ClCompile Include="C:\SFTdevelopment/library/ext/src/libgit2/src/hash\hash_win32.c" />
  </ItemGroup>
  <ItemGroup>
    <ClInclude Include="C:\SFTdevelopment/library/ext/src/libgit2\include\git2.h" />
    <ClInclude Include="C:\SFTdevelopment/library/ext/src/libgit2\include\git2\annotated_commit.h" />
    <ClInclude Include="C:\SFTdevelopment/library/ext/src/libgit2\include\git2\attr.h" />
    <ClInclude Include="C:\SFTdevelopment/library/ext/src/libgit2\include\git2\blame.h" />
    <ClInclude Include="C:\SFTdevelopment/library/ext/src/libgit2\include\git2\blob.h" />
    <ClInclude Include="C:\SFTdevelopment/library/ext/src/libgit2\include\git2\branch.h" />
    <ClInclude Include="C:\SFTdevelopment/library/ext/src/libgit2\include\git2\buffer.h" />
    <ClInclude Include="C:\SFTdevelopment/library/ext/src/libgit2\include\git2\checkout.h" />
    <ClInclude Include="C:\SFTdevelopment/library/ext/src/libgit2\include\git2\cherrypick.h" />
    <ClInclude Include="C:\SFTdevelopment/library/ext/src/libgit2\include\git2\clone.h" />
    <ClInclude Include="C:\SFTdevelopment/library/ext/src/libgit2\include\git2\commit.h" />
    <ClInclude Include="C:\SFTdevelopment/library/ext/src/libgit2\include\git2\common.h" />
    <ClInclude Include="C:\SFTdevelopment/library/ext/src/libgit2\include\git2\config.h" />
    <ClInclude Include="C:\SFTdevelopment/library/ext/src/libgit2\include\git2\cred_helpers.h" />
    <ClInclude Include="C:\SFTdevelopment/library/ext/src/libgit2\include\git2\describe.h" />
    <ClInclude Include="C:\SFTdevelopment/library/ext/src/libgit2\include\git2\diff.h" />
    <ClInclude Include="C:\SFTdevelopment/library/ext/src/libgit2\include\git2\errors.h" />
    <ClInclude Include="C:\SFTdevelopment/library/ext/src/libgit2\include\git2\filter.h" />
    <ClInclude Include="C:\SFTdevelopment/library/ext/src/libgit2\include\git2\global.h" />
    <ClInclude Include="C:\SFTdevelopment/library/ext/src/libgit2\include\git2\graph.h" />
    <ClInclude Include="C:\SFTdevelopment/library/ext/src/libgit2\include\git2\ignore.h" />
    <ClInclude Include="C:\SFTdevelopment/library/ext/src/libgit2\include\git2\index.h" />
    <ClInclude Include="C:\SFTdevelopment/library/ext/src/libgit2\include\git2\indexer.h" />
    <ClInclude Include="C:\SFTdevelopment/library/ext/src/libgit2\include\git2\inttypes.h" />
    <ClInclude Include="C:\SFTdevelopment/library/ext/src/libgit2\include\git2\merge.h" />
    <ClInclude Include="C:\SFTdevelopment/library/ext/src/libgit2\include\git2\message.h" />
    <ClInclude Include="C:\SFTdevelopment/library/ext/src/libgit2\include\git2\net.h" />
    <ClInclude Include="C:\SFTdevelopment/library/ext/src/libgit2\include\git2\notes.h" />
    <ClInclude Include="C:\SFTdevelopment/library/ext/src/libgit2\include\git2\object.h" />
    <ClInclude Include="C:\SFTdevelopment/library/ext/src/libgit2\include\git2\odb.h" />
    <ClInclude Include="C:\SFTdevelopment/library/ext/src/libgit2\include\git2\odb_backend.h" />
    <ClInclude Include="C:\SFTdevelopment/library/ext/src/libgit2\include\git2\oid.h" />
    <ClInclude Include="C:\SFTdevelopment/library/ext/src/libgit2\include\git2\oidarray.h" />
    <ClInclude Include="C:\SFTdevelopment/library/ext/src/libgit2\include\git2\pack.h" />
    <ClInclude Include="C:\SFTdevelopment/library/ext/src/libgit2\include\git2\patch.h" />
    <ClInclude Include="C:\SFTdevelopment/library/ext/src/libgit2\include\git2\pathspec.h" />
    <ClInclude Include="C:\SFTdevelopment/library/ext/src/libgit2\include\git2\proxy.h" />
    <ClInclude Include="C:\SFTdevelopment/library/ext/src/libgit2\include\git2\rebase.h" />
    <ClInclude Include="C:\SFTdevelopment/library/ext/src/libgit2\include\git2\refdb.h" />
    <ClInclude Include="C:\SFTdevelopment/library/ext/src/libgit2\include\git2\reflog.h" />
    <ClInclude Include="C:\SFTdevelopment/library/ext/src/libgit2\include\git2\refs.h" />
    <ClInclude Include="C:\SFTdevelopment/library/ext/src/libgit2\include\git2\refspec.h" />
    <ClInclude Include="C:\SFTdevelopment/library/ext/src/libgit2\include\git2\remote.h" />
    <ClInclude Include="C:\SFTdevelopment/library/ext/src/libgit2\include\git2\repository.h" />
    <ClInclude Include="C:\SFTdevelopment/library/ext/src/libgit2\include\git2\reset.h" />
    <ClInclude Include="C:\SFTdevelopment/library/ext/src/libgit2\include\git2\revert.h" />
    <ClInclude Include="C:\SFTdevelopment/library/ext/src/libgit2\include\git2\revparse.h" />
    <ClInclude Include="C:\SFTdevelopment/library/ext/src/libgit2\include\git2\revwalk.h" />
    <ClInclude Include="C:\SFTdevelopment/library/ext/src/libgit2\include\git2\signature.h" />
    <ClInclude Include="C:\SFTdevelopment/library/ext/src/libgit2\include\git2\stash.h" />
    <ClInclude Include="C:\SFTdevelopment/library/ext/src/libgit2\include\git2\status.h" />
    <ClInclude Include="C:\SFTdevelopment/library/ext/src/libgit2\include\git2\stdint.h" />
    <ClInclude Include="C:\SFTdevelopment/library/ext/src/libgit2\include\git2\strarray.h" />
    <ClInclude Include="C:\SFTdevelopment/library/ext/src/libgit2\include\git2\submodule.h" />
    <ClInclude Include="C:\SFTdevelopment/library/ext/src/libgit2\include\git2\tag.h" />
    <ClInclude Include="C:\SFTdevelopment/library/ext/src/libgit2\include\git2\trace.h" />
    <ClInclude Include="C:\SFTdevelopment/library/ext/src/libgit2\include\git2\transaction.h" />
    <ClInclude Include="C:\SFTdevelopment/library/ext/src/libgit2\include\git2\transport.h" />
    <ClInclude Include="C:\SFTdevelopment/library/ext/src/libgit2\include\git2\tree.h" />
    <ClInclude Include="C:\SFTdevelopment/library/ext/src/libgit2\include\git2\types.h" />
    <ClInclude Include="C:\SFTdevelopment/library/ext/src/libgit2\include\git2\version.h" />
    <ClInclude Include="C:\SFTdevelopment/library/ext/src/libgit2\include\git2\sys\commit.h" />
    <ClInclude Include="C:\SFTdevelopment/library/ext/src/libgit2\include\git2\sys\config.h" />
    <ClInclude Include="C:\SFTdevelopment/library/ext/src/libgit2\include\git2\sys\diff.h" />
    <ClInclude Include="C:\SFTdevelopment/library/ext/src/libgit2\include\git2\sys\filter.h" />
    <ClInclude Include="C:\SFTdevelopment/library/ext/src/libgit2\include\git2\sys\hashsig.h" />
    <ClInclude Include="C:\SFTdevelopment/library/ext/src/libgit2\include\git2\sys\index.h" />
    <ClInclude Include="C:\SFTdevelopment/library/ext/src/libgit2\include\git2\sys\mempack.h" />
    <ClInclude Include="C:\SFTdevelopment/library/ext/src/libgit2\include\git2\sys\merge.h" />
    <ClInclude Include="C:\SFTdevelopment/library/ext/src/libgit2\include\git2\sys\odb_backend.h" />
    <ClInclude Include="C:\SFTdevelopment/library/ext/src/libgit2\include\git2\sys\openssl.h" />
    <ClInclude Include="C:\SFTdevelopment/library/ext/src/libgit2\include\git2\sys\refdb_backend.h" />
    <ClInclude Include="C:\SFTdevelopment/library/ext/src/libgit2\include\git2\sys\reflog.h" />
    <ClInclude Include="C:\SFTdevelopment/library/ext/src/libgit2\include\git2\sys\refs.h" />
    <ClInclude Include="C:\SFTdevelopment/library/ext/src/libgit2\include\git2\sys\remote.h" />
    <ClInclude Include="C:\SFTdevelopment/library/ext/src/libgit2\include\git2\sys\repository.h" />
    <ClInclude Include="C:\SFTdevelopment/library/ext/src/libgit2\include\git2\sys\stream.h" />
    <ClInclude Include="C:\SFTdevelopment/library/ext/src/libgit2\include\git2\sys\time.h" />
    <ClInclude Include="C:\SFTdevelopment/library/ext/src/libgit2\include\git2\sys\transport.h" />
    <ClInclude Include="C:\SFTdevelopment/library/ext/src/libgit2/src/annotated_commit.h" />
    <ClInclude Include="C:\SFTdevelopment/library/ext/src/libgit2/src/apply.h" />
    <ClInclude Include="C:\SFTdevelopment/library/ext/src/libgit2/src/array.h" />
    <ClInclude Include="C:\SFTdevelopment/library/ext/src/libgit2/src/attr.h" />
    <ClInclude Include="C:\SFTdevelopment/library/ext/src/libgit2/src/attr_file.h" />
    <ClInclude Include="C:\SFTdevelopment/library/ext/src/libgit2/src/attrcache.h" />
    <ClInclude Include="C:\SFTdevelopment/library/ext/src/libgit2/src/bitvec.h" />
    <ClInclude Include="C:\SFTdevelopment/library/ext/src/libgit2/src/blame.h" />
    <ClInclude Include="C:\SFTdevelopment/library/ext/src/libgit2/src/blame_git.h" />
    <ClInclude Include="C:\SFTdevelopment/library/ext/src/libgit2/src/blob.h" />
    <ClInclude Include="C:\SFTdevelopment/library/ext/src/libgit2/src/branch.h" />
    <ClInclude Include="C:\SFTdevelopment/library/ext/src/libgit2/src/buf_text.h" />
    <ClInclude Include="C:\SFTdevelopment/library/ext/src/libgit2/src/buffer.h" />
    <ClInclude Include="C:\SFTdevelopment/library/ext/src/libgit2/src/cache.h" />
    <ClInclude Include="C:\SFTdevelopment/library/ext/src/libgit2/src/cc-compat.h" />
    <ClInclude Include="C:\SFTdevelopment/library/ext/src/libgit2/src/checkout.h" />
    <ClInclude Include="C:\SFTdevelopment/library/ext/src/libgit2/src/clone.h" />
    <ClInclude Include="C:\SFTdevelopment/library/ext/src/libgit2/src/commit.h" />
    <ClInclude Include="C:\SFTdevelopment/library/ext/src/libgit2/src/commit_list.h" />
    <ClInclude Include="C:\SFTdevelopment/library/ext/src/libgit2/src/common.h" />
    <ClInclude Include="C:\SFTdevelopment/library/ext/src/libgit2/src/config.h" />
    <ClInclude Include="C:\SFTdevelopment/library/ext/src/libgit2/src/config_file.h" />
    <ClInclude Include="C:\SFTdevelopment/library/ext/src/libgit2/src/curl_stream.h" />
    <ClInclude Include="C:\SFTdevelopment/library/ext/src/libgit2/src/delta.h" />
    <ClInclude Include="C:\SFTdevelopment/library/ext/src/libgit2/src/diff.h" />
    <ClInclude Include="C:\SFTdevelopment/library/ext/src/libgit2/src/diff_driver.h" />
    <ClInclude Include="C:\SFTdevelopment/library/ext/src/libgit2/src/diff_file.h" />
    <ClInclude Include="C:\SFTdevelopment/library/ext/src/libgit2/src/diff_generate.h" />
    <ClInclude Include="C:\SFTdevelopment/library/ext/src/libgit2/src/diff_parse.h" />
    <ClInclude Include="C:\SFTdevelopment/library/ext/src/libgit2/src/diff_tform.h" />
    <ClInclude Include="C:\SFTdevelopment/library/ext/src/libgit2/src/diff_xdiff.h" />
    <ClInclude Include="C:\SFTdevelopment/library/ext/src/libgit2/src/fetch.h" />
    <ClInclude Include="C:\SFTdevelopment/library/ext/src/libgit2/src/fetchhead.h" />
    <ClInclude Include="C:\SFTdevelopment/library/ext/src/libgit2/src/filebuf.h" />
    <ClInclude Include="C:\SFTdevelopment/library/ext/src/libgit2/src/fileops.h" />
    <ClInclude Include="C:\SFTdevelopment/library/ext/src/libgit2/src/filter.h" />
    <ClInclude Include="C:\SFTdevelopment/library/ext/src/libgit2/src/fnmatch.h" />
    <ClInclude Include="C:\SFTdevelopment/library/ext/src/libgit2/src/global.h" />
    <ClInclude Include="C:\SFTdevelopment/library/ext/src/libgit2/src/hash.h" />
    <ClInclude Include="C:\SFTdevelopment/library/ext/src/libgit2/src/idxmap.h" />
    <ClInclude Include="C:\SFTdevelopment/library/ext/src/libgit2/src/ignore.h" />
    <ClInclude Include="C:\SFTdevelopment/library/ext/src/libgit2/src/index.h" />
    <ClInclude Include="C:\SFTdevelopment/library/ext/src/libgit2/src/integer.h" />
    <ClInclude Include="C:\SFTdevelopment/library/ext/src/libgit2/src/iterator.h" />
    <ClInclude Include="C:\SFTdevelopment/library/ext/src/libgit2/src/khash.h" />
    <ClInclude Include="C:\SFTdevelopment/library/ext/src/libgit2/src/map.h" />
    <ClInclude Include="C:\SFTdevelopment/library/ext/src/libgit2/src/merge.h" />
    <ClInclude Include="C:\SFTdevelopment/library/ext/src/libgit2/src/merge_driver.h" />
    <ClInclude Include="C:\SFTdevelopment/library/ext/src/libgit2/src/message.h" />
    <ClInclude Include="C:\SFTdevelopment/library/ext/src/libgit2/src/mwindow.h" />
    <ClInclude Include="C:\SFTdevelopment/library/ext/src/libgit2/src/netops.h" />
    <ClInclude Include="C:\SFTdevelopment/library/ext/src/libgit2/src/notes.h" />
    <ClInclude Include="C:\SFTdevelopment/library/ext/src/libgit2/src/object.h" />
    <ClInclude Include="C:\SFTdevelopment/library/ext/src/libgit2/src/odb.h" />
    <ClInclude Include="C:\SFTdevelopment/library/ext/src/libgit2/src/offmap.h" />
    <ClInclude Include="C:\SFTdevelopment/library/ext/src/libgit2/src/oid.h" />
    <ClInclude Include="C:\SFTdevelopment/library/ext/src/libgit2/src/oidarray.h" />
    <ClInclude Include="C:\SFTdevelopment/library/ext/src/libgit2/src/oidmap.h" />
    <ClInclude Include="C:\SFTdevelopment/library/ext/src/libgit2/src/openssl_stream.h" />
    <ClInclude Include="C:\SFTdevelopment/library/ext/src/libgit2/src/pack-objects.h" />
    <ClInclude Include="C:\SFTdevelopment/library/ext/src/libgit2/src/pack.h" />
    <ClInclude Include="C:\SFTdevelopment/library/ext/src/libgit2/src/patch.h" />
    <ClInclude Include="C:\SFTdevelopment/library/ext/src/libgit2/src/patch_generate.h" />
    <ClInclude Include="C:\SFTdevelopment/library/ext/src/libgit2/src/patch_parse.h" />
    <ClInclude Include="C:\SFTdevelopment/library/ext/src/libgit2/src/path.h" />
    <ClInclude Include="C:\SFTdevelopment/library/ext/src/libgit2/src/pathspec.h" />
    <ClInclude Include="C:\SFTdevelopment/library/ext/src/libgit2/src/pool.h" />
    <ClInclude Include="C:\SFTdevelopment/library/ext/src/libgit2/src/posix.h" />
    <ClInclude Include="C:\SFTdevelopment/library/ext/src/libgit2/src/pqueue.h" />
    <ClInclude Include="C:\SFTdevelopment/library/ext/src/libgit2/src/proxy.h" />
    <ClInclude Include="C:\SFTdevelopment/library/ext/src/libgit2/src/push.h" />
    <ClInclude Include="C:\SFTdevelopment/library/ext/src/libgit2/src/refdb.h" />
    <ClInclude Include="C:\SFTdevelopment/library/ext/src/libgit2/src/refdb_fs.h" />
    <ClInclude Include="C:\SFTdevelopment/library/ext/src/libgit2/src/reflog.h" />
    <ClInclude Include="C:\SFTdevelopment/library/ext/src/libgit2/src/refs.h" />
    <ClInclude Include="C:\SFTdevelopment/library/ext/src/libgit2/src/refspec.h" />
    <ClInclude Include="C:\SFTdevelopment/library/ext/src/libgit2/src/remote.h" />
    <ClInclude Include="C:\SFTdevelopment/library/ext/src/libgit2/src/repo_template.h" />
    <ClInclude Include="C:\SFTdevelopment/library/ext/src/libgit2/src/repository.h" />
    <ClInclude Include="C:\SFTdevelopment/library/ext/src/libgit2/src/revwalk.h" />
    <ClInclude Include="C:\SFTdevelopment/library/ext/src/libgit2/src/sha1_lookup.h" />
    <ClInclude Include="C:\SFTdevelopment/library/ext/src/libgit2/src/signature.h" />
    <ClInclude Include="C:\SFTdevelopment/library/ext/src/libgit2/src/socket_stream.h" />
    <ClInclude Include="C:\SFTdevelopment/library/ext/src/libgit2/src/sortedcache.h" />
    <ClInclude Include="C:\SFTdevelopment/library/ext/src/libgit2/src/status.h" />
    <ClInclude Include="C:\SFTdevelopment/library/ext/src/libgit2/src/stransport_stream.h" />
    <ClInclude Include="C:\SFTdevelopment/library/ext/src/libgit2/src/stream.h" />
    <ClInclude Include="C:\SFTdevelopment/library/ext/src/libgit2/src/strmap.h" />
    <ClInclude Include="C:\SFTdevelopment/library/ext/src/libgit2/src/strnlen.h" />
    <ClInclude Include="C:\SFTdevelopment/library/ext/src/libgit2/src/submodule.h" />
    <ClInclude Include="C:\SFTdevelopment/library/ext/src/libgit2/src/sysdir.h" />
    <ClInclude Include="C:\SFTdevelopment/library/ext/src/libgit2/src/tag.h" />
    <ClInclude Include="C:\SFTdevelopment/library/ext/src/libgit2/src/thread-utils.h" />
    <ClInclude Include="C:\SFTdevelopment/library/ext/src/libgit2/src/tls_stream.h" />
    <ClInclude Include="C:\SFTdevelopment/library/ext/src/libgit2/src/trace.h" />
    <ClInclude Include="C:\SFTdevelopment/library/ext/src/libgit2/src/transaction.h" />
    <ClInclude Include="C:\SFTdevelopment/library/ext/src/libgit2/src/tree-cache.h" />
    <ClInclude Include="C:\SFTdevelopment/library/ext/src/libgit2/src/tree.h" />
    <ClInclude Include="C:\SFTdevelopment/library/ext/src/libgit2/src/userdiff.h" />
    <ClInclude Include="C:\SFTdevelopment/library/ext/src/libgit2/src/util.h" />
    <ClInclude Include="C:\SFTdevelopment/library/ext/src/libgit2/src/varint.h" />
    <ClInclude Include="C:\SFTdevelopment/library/ext/src/libgit2/src/vector.h" />
    <ClInclude Include="C:\SFTdevelopment/library/ext/src/libgit2/src/zstream.h" />
    <ClInclude Include="C:\SFTdevelopment/library/ext/src/libgit2/src/transports\auth.h" />
    <ClInclude Include="C:\SFTdevelopment/library/ext/src/libgit2/src/transports\auth_negotiate.h" />
    <ClInclude Include="C:\SFTdevelopment/library/ext/src/libgit2/src/transports\cred.h" />
    <ClInclude Include="C:\SFTdevelopment/library/ext/src/libgit2/src/transports\smart.h" />
    <ClInclude Include="C:\SFTdevelopment/library/ext/src/libgit2/src/transports\ssh.h" />
    <ClInclude Include="C:\SFTdevelopment/library/ext/src/libgit2/src/xdiff\xdiff.h" />
    <ClInclude Include="C:\SFTdevelopment/library/ext/src/libgit2/src/xdiff\xdiffi.h" />
    <ClInclude Include="C:\SFTdevelopment/library/ext/src/libgit2/src/xdiff\xemit.h" />
    <ClInclude Include="C:\SFTdevelopment/library/ext/src/libgit2/src/xdiff\xinclude.h" />
    <ClInclude Include="C:\SFTdevelopment/library/ext/src/libgit2/src/xdiff\xmacros.h" />
    <ClInclude Include="C:\SFTdevelopment/library/ext/src/libgit2/src/xdiff\xprepare.h" />
    <ClInclude Include="C:\SFTdevelopment/library/ext/src/libgit2/src/xdiff\xtypes.h" />
    <ClInclude Include="C:\SFTdevelopment/library/ext/src/libgit2/src/xdiff\xutils.h" />
    <ClInclude Include="C:\SFTdevelopment/library/ext/src/libgit2/src/win32\dir.h" />
    <ClInclude Include="C:\SFTdevelopment/library/ext/src/libgit2/src/win32\error.h" />
    <ClInclude Include="C:\SFTdevelopment/library/ext/src/libgit2/src/win32\findfile.h" />
    <ClInclude Include="C:\SFTdevelopment/library/ext/src/libgit2/src/win32\mingw-compat.h" />
    <ClInclude Include="C:\SFTdevelopment/library/ext/src/libgit2/src/win32\msvc-compat.h" />
    <ClInclude Include="C:\SFTdevelopment/library/ext/src/libgit2/src/win32\path_w32.h" />
    <ClInclude Include="C:\SFTdevelopment/library/ext/src/libgit2/src/win32\posix.h" />
    <ClInclude Include="C:\SFTdevelopment/library/ext/src/libgit2/src/win32\precompiled.h" />
    <ClInclude Include="C:\SFTdevelopment/library/ext/src/libgit2/src/win32\reparse.h" />
    <ClInclude Include="C:\SFTdevelopment/library/ext/src/libgit2/src/win32\thread.h" />
    <ClInclude Include="C:\SFTdevelopment/library/ext/src/libgit2/src/win32\utf-conv.h" />
    <ClInclude Include="C:\SFTdevelopment/library/ext/src/libgit2/src/win32\version.h" />
    <ClInclude Include="C:\SFTdevelopment/library/ext/src/libgit2/src/win32\w32_buffer.h" />
    <ClInclude Include="C:\SFTdevelopment/library/ext/src/libgit2/src/win32\w32_crtdbg_stacktrace.h" />
    <ClInclude Include="C:\SFTdevelopment/library/ext/src/libgit2/src/win32\w32_stack.h" />
    <ClInclude Include="C:\SFTdevelopment/library/ext/src/libgit2/src/win32\w32_util.h" />
    <ClInclude Include="C:\SFTdevelopment/library/ext/src/libgit2/src/win32\win32-compat.h" />
    <ClInclude Include="C:\SFTdevelopment/library/ext/src/libgit2\deps\zlib\crc32.h" />
    <ClInclude Include="C:\SFTdevelopment/library/ext/src/libgit2\deps\zlib\deflate.h" />
    <ClInclude Include="C:\SFTdevelopment/library/ext/src/libgit2\deps\zlib\inffast.h" />
    <ClInclude Include="C:\SFTdevelopment/library/ext/src/libgit2\deps\zlib\inffixed.h" />
    <ClInclude Include="C:\SFTdevelopment/library/ext/src/libgit2\deps\zlib\inflate.h" />
    <ClInclude Include="C:\SFTdevelopment/library/ext/src/libgit2\deps\zlib\inftrees.h" />
    <ClInclude Include="C:\SFTdevelopment/library/ext/src/libgit2\deps\zlib\trees.h" />
    <ClInclude Include="C:\SFTdevelopment/library/ext/src/libgit2\deps\zlib\zconf.h" />
    <ClInclude Include="C:\SFTdevelopment/library/ext/src/libgit2\deps\zlib\zlib.h" />
    <ClInclude Include="C:\SFTdevelopment/library/ext/src/libgit2\deps\zlib\zutil.h" />
    <ClInclude Include="C:\SFTdevelopment/library/ext/src/libgit2\deps\http-parser\http_parser.h" />
  </ItemGroup>
  <ItemGroup>
    <CustomBuild Include="C:\SFTdevelopment/library/ext/src/libgit2\CMakeLists.txt" />
  </ItemGroup>
  <ItemGroup>
    <ResourceCompile Include="C:\SFTdevelopment/library/ext/src/libgit2/src/win32\git2.rc" />
  </ItemGroup>
  <ItemGroup>
    <Filter Include="include">
      <UniqueIdentifier>{A4E330B0-08F5-381C-841E-D0E3A98D82C9}</UniqueIdentifier>
    </Filter>
    <Filter Include="src">
      <UniqueIdentifier>{EE190A58-AE80-3025-AF97-7561E7A9564F}</UniqueIdentifier>
    </Filter>
    <Filter Include="deps">
      <UniqueIdentifier>{9B84213C-3109-366A-91AA-18D59F209DEA}</UniqueIdentifier>
    </Filter>
    <Filter Include="src\transports">
      <UniqueIdentifier>{DFD5F744-C548-3AA8-A184-9352B10D85B4}</UniqueIdentifier>
    </Filter>
    <Filter Include="src\xdiff">
      <UniqueIdentifier>{B3827989-52F8-35DE-800C-DB92C8BC221D}</UniqueIdentifier>
    </Filter>
    <Filter Include="src\win32">
      <UniqueIdentifier>{41D1C0DB-5305-3C36-B22A-3017E0A975FC}</UniqueIdentifier>
    </Filter>
    <Filter Include="src\hash">
      <UniqueIdentifier>{F587BF5E-9360-38E7-B8A9-F21234781AA2}</UniqueIdentifier>
    </Filter>
    <Filter Include="deps\zlib">
      <UniqueIdentifier>{5EF99710-EE89-361A-B50A-1F74D32ECF79}</UniqueIdentifier>
    </Filter>
    <Filter Include="deps\http-parser">
      <UniqueIdentifier>{8775E8E4-FF47-3BF9-9415-7702E0E887FC}</UniqueIdentifier>
    </Filter>
    <Filter Include="deps\regex">
      <UniqueIdentifier>{542C2399-8BAD-3933-8D6A-C0D7953FA6F3}</UniqueIdentifier>
    </Filter>
    <Filter Include="include\git2\sys">
      <UniqueIdentifier>{5D759204-9BF0-3119-91E8-42731FDE8080}</UniqueIdentifier>
    </Filter>
    <Filter Include="include\git2">
      <UniqueIdentifier>{74E68241-76E8-3EA3-BA1B-04DC0F886764}</UniqueIdentifier>
    </Filter>
  </ItemGroup>
</Project>